
Microsoft Visual Studio Solution File, Format Version 12.00
# Visual Studio 15
VisualStudioVersion = 15.0.27004.2009
MinimumVisualStudioVersion = 10.0.40219.1
Project("{FAE04EC0-301F-11D3-BF4B-00C04F79EFBC}") = "Trend", "ArchestrA.Apps.MPNZ.TrendApp\Trend.csproj", "{B773606E-A388-484C-A6AE-01E92258F7B1}"
EndProject
Project("{FAE04EC0-301F-11D3-BF4B-00C04F79EFBC}") = "TitleBar", "ArchestrA.Apps.MPNZ.TitleBarApp\TitleBar.csproj", "{451925A2-7314-48AB-A1C4-84F53927704C}"
EndProject
Project("{FAE04EC0-301F-11D3-BF4B-00C04F79EFBC}") = "AttributeBrowser", "ArchestrA.Apps.MPNZ.AttributeBrowser\AttributeBrowser.csproj", "{56540344-5212-470A-97E9-B43F16FE8E58}"
EndProject
Global
	GlobalSection(SolutionConfigurationPlatforms) = preSolution
		Debug|Any CPU = Debug|Any CPU
		Release|Any CPU = Release|Any CPU
	EndGlobalSection
	GlobalSection(ProjectConfigurationPlatforms) = postSolution
		{B773606E-A388-484C-A6AE-01E92258F7B1}.Debug|Any CPU.ActiveCfg = Debug|Any CPU
		{B773606E-A388-484C-A6AE-01E92258F7B1}.Debug|Any CPU.Build.0 = Debug|Any CPU
		{B773606E-A388-484C-A6AE-01E92258F7B1}.Release|Any CPU.ActiveCfg = Release|Any CPU
		{B773606E-A388-484C-A6AE-01E92258F7B1}.Release|Any CPU.Build.0 = Release|Any CPU
		{451925A2-7314-48AB-A1C4-84F53927704C}.Debug|Any CPU.ActiveCfg = Debug|Any CPU
		{451925A2-7314-48AB-A1C4-84F53927704C}.Debug|Any CPU.Build.0 = Debug|Any CPU
		{451925A2-7314-48AB-A1C4-84F53927704C}.Release|Any CPU.ActiveCfg = Release|Any CPU
		{451925A2-7314-48AB-A1C4-84F53927704C}.Release|Any CPU.Build.0 = Release|Any CPU
		{56540344-5212-470A-97E9-B43F16FE8E58}.Debug|Any CPU.ActiveCfg = Debug|Any CPU
		{56540344-5212-470A-97E9-B43F16FE8E58}.Debug|Any CPU.Build.0 = Debug|Any CPU
		{56540344-5212-470A-97E9-B43F16FE8E58}.Release|Any CPU.ActiveCfg = Release|Any CPU
		{56540344-5212-470A-97E9-B43F16FE8E58}.Release|Any CPU.Build.0 = Release|Any CPU
	EndGlobalSection
	GlobalSection(SolutionProperties) = preSolution
		HideSolutionNode = FALSE
	EndGlobalSection
	GlobalSection(ExtensibilityGlobals) = postSolution
		SolutionGuid = {621520EF-D06E-4343-8759-2EFA87A1C935}
	EndGlobalSection
EndGlobal
